
Microsoft Visual Studio Solution File, Format Version 12.00
# Visual Studio Version 17
VisualStudioVersion = 17.7.34221.43
MinimumVisualStudioVersion = 10.0.40219.1
Project("{9A19103F-16F7-4668-BE54-9A1E7A4F7556}") = "BlazorFirstApp", "BlazorFirstApp\BlazorFirstApp.csproj", "{E60E695A-C054-4248-8AF8-9CB183B75E9F}"
EndProject
Project("{9A19103F-16F7-4668-BE54-9A1E7A4F7556}") = "DeliveryApp", "DeliveryApp\DeliveryApp.csproj", "{935E8E92-1315-4304-8FCB-4ACED7FABECA}"
EndProject
Project("{9A19103F-16F7-4668-BE54-9A1E7A4F7556}") = "DataAccessLibrary", "DataAccessLibrary\DataAccessLibrary.csproj", "{CCB19B01-4E1C-4B40-B41B-6DC051FFEC63}"
EndProject
Global
	GlobalSection(SolutionConfigurationPlatforms) = preSolution
		Debug|Any CPU = Debug|Any CPU
		Release|Any CPU = Release|Any CPU
	EndGlobalSection
	GlobalSection(ProjectConfigurationPlatforms) = postSolution
		{E60E695A-C054-4248-8AF8-9CB183B75E9F}.Debug|Any CPU.ActiveCfg = Debug|Any CPU
		{E60E695A-C054-4248-8AF8-9CB183B75E9F}.Debug|Any CPU.Build.0 = Debug|Any CPU
		{E60E695A-C054-4248-8AF8-9CB183B75E9F}.Release|Any CPU.ActiveCfg = Release|Any CPU
		{E60E695A-C054-4248-8AF8-9CB183B75E9F}.Release|Any CPU.Build.0 = Release|Any CPU
		{935E8E92-1315-4304-8FCB-4ACED7FABECA}.Debug|Any CPU.ActiveCfg = Debug|Any CPU
		{935E8E92-1315-4304-8FCB-4ACED7FABECA}.Debug|Any CPU.Build.0 = Debug|Any CPU
		{935E8E92-1315-4304-8FCB-4ACED7FABECA}.Release|Any CPU.ActiveCfg = Release|Any CPU
		{935E8E92-1315-4304-8FCB-4ACED7FABECA}.Release|Any CPU.Build.0 = Release|Any CPU
		{CCB19B01-4E1C-4B40-B41B-6DC051FFEC63}.Debug|Any CPU.ActiveCfg = Debug|Any CPU
		{CCB19B01-4E1C-4B40-B41B-6DC051FFEC63}.Debug|Any CPU.Build.0 = Debug|Any CPU
		{CCB19B01-4E1C-4B40-B41B-6DC051FFEC63}.Release|Any CPU.ActiveCfg = Release|Any CPU
		{CCB19B01-4E1C-4B40-B41B-6DC051FFEC63}.Release|Any CPU.Build.0 = Release|Any CPU
	EndGlobalSection
	GlobalSection(SolutionProperties) = preSolution
		HideSolutionNode = FALSE
	EndGlobalSection
	GlobalSection(ExtensibilityGlobals) = postSolution
		SolutionGuid = {95749F16-6243-4E6B-B27E-741FE3C7014A}
	EndGlobalSection
EndGlobal
